
Microsoft Visual Studio Solution File, Format Version 12.00
# Visual Studio Version 16
VisualStudioVersion = 16.0.29503.13
MinimumVisualStudioVersion = 10.0.40219.1
Project("{FAE04EC0-301F-11D3-BF4B-00C04F79EFBC}") = "AndroidTest", "AndroidTest\AndroidTest.csproj", "{FB0D2A2B-43D7-4BFF-A0A5-28CF5E2CAE32}"
EndProject
Project("{FAE04EC0-301F-11D3-BF4B-00C04F79EFBC}") = "AutomaticTesting", "AutomaticTesting\AutomaticTesting.csproj", "{63229CC3-9CE1-4638-86C9-58C879896158}"
EndProject
Project("{FAE04EC0-301F-11D3-BF4B-00C04F79EFBC}") = "AndroidTestAppGUI", "AndroidTestAppGUI\AndroidTestAppGUI\AndroidTestAppGUI.csproj", "{DA298F7A-983D-42E4-AC03-3B7C2D8FC8F9}"
EndProject
Global
	GlobalSection(SolutionConfigurationPlatforms) = preSolution
		Debug|Any CPU = Debug|Any CPU
		Release|Any CPU = Release|Any CPU
	EndGlobalSection
	GlobalSection(ProjectConfigurationPlatforms) = postSolution
		{FB0D2A2B-43D7-4BFF-A0A5-28CF5E2CAE32}.Debug|Any CPU.ActiveCfg = Debug|Any CPU
		{FB0D2A2B-43D7-4BFF-A0A5-28CF5E2CAE32}.Debug|Any CPU.Build.0 = Debug|Any CPU
		{FB0D2A2B-43D7-4BFF-A0A5-28CF5E2CAE32}.Release|Any CPU.ActiveCfg = Release|Any CPU
		{FB0D2A2B-43D7-4BFF-A0A5-28CF5E2CAE32}.Release|Any CPU.Build.0 = Release|Any CPU
		{63229CC3-9CE1-4638-86C9-58C879896158}.Debug|Any CPU.ActiveCfg = Debug|Any CPU
		{63229CC3-9CE1-4638-86C9-58C879896158}.Debug|Any CPU.Build.0 = Debug|Any CPU
		{63229CC3-9CE1-4638-86C9-58C879896158}.Release|Any CPU.ActiveCfg = Release|Any CPU
		{63229CC3-9CE1-4638-86C9-58C879896158}.Release|Any CPU.Build.0 = Release|Any CPU
		{DA298F7A-983D-42E4-AC03-3B7C2D8FC8F9}.Debug|Any CPU.ActiveCfg = Debug|Any CPU
		{DA298F7A-983D-42E4-AC03-3B7C2D8FC8F9}.Debug|Any CPU.Build.0 = Debug|Any CPU
		{DA298F7A-983D-42E4-AC03-3B7C2D8FC8F9}.Release|Any CPU.ActiveCfg = Release|Any CPU
		{DA298F7A-983D-42E4-AC03-3B7C2D8FC8F9}.Release|Any CPU.Build.0 = Release|Any CPU
	EndGlobalSection
	GlobalSection(SolutionProperties) = preSolution
		HideSolutionNode = FALSE
	EndGlobalSection
	GlobalSection(ExtensibilityGlobals) = postSolution
		SolutionGuid = {ACFCB5CD-92C3-4E05-85B1-765AC75D7AB6}
	EndGlobalSection
EndGlobal
